
Microsoft Visual Studio Solution File, Format Version 12.00
# Visual Studio Version 17
VisualStudioVersion = 17.3.32929.385
MinimumVisualStudioVersion = 10.0.40219.1
Project("{FAE04EC0-301F-11D3-BF4B-00C04F79EFBC}") = "CalifornianHealthApp", "CalifornianHealthApp\CalifornianHealthApp.csproj", "{7ACE28AA-A537-4962-AA45-0C460DEB5220}"
EndProject
Global
	GlobalSection(SolutionConfigurationPlatforms) = preSolution
		Debug|Any CPU = Debug|Any CPU
		Release|Any CPU = Release|Any CPU
	EndGlobalSection
	GlobalSection(ProjectConfigurationPlatforms) = postSolution
		{7ACE28AA-A537-4962-AA45-0C460DEB5220}.Debug|Any CPU.ActiveCfg = Debug|Any CPU
		{7ACE28AA-A537-4962-AA45-0C460DEB5220}.Debug|Any CPU.Build.0 = Debug|Any CPU
		{7ACE28AA-A537-4962-AA45-0C460DEB5220}.Release|Any CPU.ActiveCfg = Release|Any CPU
		{7ACE28AA-A537-4962-AA45-0C460DEB5220}.Release|Any CPU.Build.0 = Release|Any CPU
	EndGlobalSection
	GlobalSection(SolutionProperties) = preSolution
		HideSolutionNode = FALSE
	EndGlobalSection
	GlobalSection(ExtensibilityGlobals) = postSolution
		SolutionGuid = {D0D70A3A-AB04-4EE6-930B-5F4DEEA91B97}
	EndGlobalSection
EndGlobal
